# THIS IS AN AUTOGENERATED FILE. DO NOT EDIT THIS FILE DIRECTLY.
# yarn lockfile v1


"@openzeppelin/contracts-upgradeable@^5.1.0":
  version "5.1.0"
  resolved "https://registry.yarnpkg.com/@openzeppelin/contracts-upgradeable/-/contracts-upgradeable-5.1.0.tgz#4d37648b7402929c53e2ff6e45749ecff91eb2b6"
  integrity sha512-AIElwP5Ck+cslNE+Hkemf5SxjJoF4wBvvjxc27Rp+9jaPs/CLIaUBMYe1FNzhdiN0cYuwGRmYaRHmmntuiju4Q==

"@openzeppelin/contracts@^5.1.0":
  version "5.1.0"
  resolved "https://registry.yarnpkg.com/@openzeppelin/contracts/-/contracts-5.1.0.tgz#4e61162f2a2bf414c4e10c45eca98ce5f1aadbd4"
  integrity sha512-p1ULhl7BXzjjbha5aqst+QMLY+4/LCWADXOCsmLHRM77AqiPjnd9vvUN9sosUfhL9JGKpZ0TjEGxgvnizmWGSA==

"@prb/test@^0.6.4":
  version "0.6.4"
  resolved "https://registry.yarnpkg.com/@prb/test/-/test-0.6.4.tgz#20faa4b06e8c6e8fd19adcb8eb88d29d9f755afc"
  integrity sha512-P0tTMsB6XQ0Wp61EYdXJYFhsOVGyZvcOFub2y9yk0sF+GYDusctR7DzEI+vOP0SILm3knFkEJASjewHEBppdRQ==

"@solidity-parser/parser@^0.18.0":
  version "0.18.0"
  resolved "https://registry.yarnpkg.com/@solidity-parser/parser/-/parser-0.18.0.tgz#8e77a02a09ecce957255a2f48c9a7178ec191908"
  integrity sha512-yfORGUIPgLck41qyN7nbwJRAx17/jAIXCTanHOJZhB6PJ1iAk/84b/xlsVKFSyNyLXIj0dhppoE0+CRws7wlzA==

"ds-test@github:dapphub/ds-test":
  version "1.0.0"
  resolved "https://codeload.github.com/dapphub/ds-test/tar.gz/e282159d5170298eb2455a6c05280ab5a73a4ef0"

"forge-std@github:foundry-rs/forge-std":
  version "1.9.4"
  resolved "https://codeload.github.com/foundry-rs/forge-std/tar.gz/d3db4ef90a72b7d24aa5a2e5c649593eaef7801d"

prettier-plugin-solidity@^1.4.1:
  version "1.4.1"
  resolved "https://registry.yarnpkg.com/prettier-plugin-solidity/-/prettier-plugin-solidity-1.4.1.tgz#8060baf18853a9e34d2e09e47e87b4f19e15afe9"
  integrity sha512-Mq8EtfacVZ/0+uDKTtHZGW3Aa7vEbX/BNx63hmVg6YTiTXSiuKP0amj0G6pGwjmLaOfymWh3QgXEZkjQbU8QRg==
  dependencies:
    "@solidity-parser/parser" "^0.18.0"
    semver "^7.5.4"

prettier@^2.8.8:
  version "2.8.8"
  resolved "https://registry.yarnpkg.com/prettier/-/prettier-2.8.8.tgz#e8c5d7e98a4305ffe3de2e1fc4aca1a71c28b1da"
  integrity sha512-tdN8qQGvNjw4CHbY+XXk0JgCXn9QiF21a55rBe5LJAU+kDyC4WQn4+awm2Xfk2lQMk5fKup9XgzTZtGkjBdP9Q==

semver@^7.5.4:
  version "7.6.3"
  resolved "https://registry.yarnpkg.com/semver/-/semver-7.6.3.tgz#980f7b5550bc175fb4dc09403085627f9eb33143"
  integrity sha512-oVekP1cKtI+CTDvHWYFUcMtsK/00wmAEfyqKfNdARm8u1wNVhSgaX7A8d4UuIlUI5e84iEwOhs7ZPYRmzU9U6A==

solady@^0.0.281:
  version "0.0.281"
  resolved "https://registry.yarnpkg.com/solady/-/solady-0.0.281.tgz#2538b475ef4db587c4c946cd032412e08acba4ca"
  integrity sha512-pO/r0cVb6EXwAISE/cgcn1outhvkEKHEnVCSUTlRdIWDnl013CrUtMx8PbkDYfef2TrJB178TOA0jIBDVyjGBg==
